
Microsoft Visual Studio Solution File, Format Version 12.00
# Visual Studio 15
Project("{FAE04EC0-301F-11D3-BF4B-00C04F79EFBC}") = "Assembly-CSharp", "Assembly-CSharp.csproj", "{52D0481E-2BA9-9C5E-74B6-F30360B1E7A5}"
EndProject
Project("{FAE04EC0-301F-11D3-BF4B-00C04F79EFBC}") = "Assembly-CSharp-Editor", "Assembly-CSharp-Editor.csproj", "{B015FF55-EE5A-D770-8B94-4D6F3DC573EB}"
EndProject
Global
	GlobalSection(SolutionConfigurationPlatforms) = preSolution
		Debug|Any CPU = Debug|Any CPU
		Release|Any CPU = Release|Any CPU
	EndGlobalSection
	GlobalSection(ProjectConfigurationPlatforms) = postSolution
		{52D0481E-2BA9-9C5E-74B6-F30360B1E7A5}.Debug|Any CPU.ActiveCfg = Debug|Any CPU
		{52D0481E-2BA9-9C5E-74B6-F30360B1E7A5}.Debug|Any CPU.Build.0 = Debug|Any CPU
		{52D0481E-2BA9-9C5E-74B6-F30360B1E7A5}.Release|Any CPU.ActiveCfg = Release|Any CPU
		{52D0481E-2BA9-9C5E-74B6-F30360B1E7A5}.Release|Any CPU.Build.0 = Release|Any CPU
		{B015FF55-EE5A-D770-8B94-4D6F3DC573EB}.Debug|Any CPU.ActiveCfg = Debug|Any CPU
		{B015FF55-EE5A-D770-8B94-4D6F3DC573EB}.Debug|Any CPU.Build.0 = Debug|Any CPU
		{B015FF55-EE5A-D770-8B94-4D6F3DC573EB}.Release|Any CPU.ActiveCfg = Release|Any CPU
		{B015FF55-EE5A-D770-8B94-4D6F3DC573EB}.Release|Any CPU.Build.0 = Release|Any CPU
	EndGlobalSection
	GlobalSection(SolutionProperties) = preSolution
		HideSolutionNode = FALSE
	EndGlobalSection
EndGlobal
